
Microsoft Visual Studio Solution File, Format Version 12.00
# Visual Studio Version 17
VisualStudioVersion = 17.11.35222.181
MinimumVisualStudioVersion = 10.0.40219.1
Project("{FAE04EC0-301F-11D3-BF4B-00C04F79EFBC}") = "P11_12_2", "P11_12_2\P11_12_2.csproj", "{DABA36AC-59FD-4C39-B7B2-4ED30F486D63}"
EndProject
Global
	GlobalSection(SolutionConfigurationPlatforms) = preSolution
		Debug|Any CPU = Debug|Any CPU
		Release|Any CPU = Release|Any CPU
	EndGlobalSection
	GlobalSection(ProjectConfigurationPlatforms) = postSolution
		{DABA36AC-59FD-4C39-B7B2-4ED30F486D63}.Debug|Any CPU.ActiveCfg = Debug|Any CPU
		{DABA36AC-59FD-4C39-B7B2-4ED30F486D63}.Debug|Any CPU.Build.0 = Debug|Any CPU
		{DABA36AC-59FD-4C39-B7B2-4ED30F486D63}.Release|Any CPU.ActiveCfg = Release|Any CPU
		{DABA36AC-59FD-4C39-B7B2-4ED30F486D63}.Release|Any CPU.Build.0 = Release|Any CPU
	EndGlobalSection
	GlobalSection(SolutionProperties) = preSolution
		HideSolutionNode = FALSE
	EndGlobalSection
	GlobalSection(ExtensibilityGlobals) = postSolution
		SolutionGuid = {E9C3F863-43DE-4C09-A563-9C3AE654C776}
	EndGlobalSection
EndGlobal
